
Microsoft Visual Studio Solution File, Format Version 12.00
# Visual Studio Version 17
VisualStudioVersion = 17.11.35327.3
MinimumVisualStudioVersion = 10.0.40219.1
Project("{FAE04EC0-301F-11D3-BF4B-00C04F79EFBC}") = "AnimalSounds", "AnimalSounds\AnimalSounds.csproj", "{2A456AEF-8C66-42D3-A5B2-47410D3009DF}"
EndProject
Global
	GlobalSection(SolutionConfigurationPlatforms) = preSolution
		Debug|Any CPU = Debug|Any CPU
		Release|Any CPU = Release|Any CPU
	EndGlobalSection
	GlobalSection(ProjectConfigurationPlatforms) = postSolution
		{2A456AEF-8C66-42D3-A5B2-47410D3009DF}.Debug|Any CPU.ActiveCfg = Debug|Any CPU
		{2A456AEF-8C66-42D3-A5B2-47410D3009DF}.Debug|Any CPU.Build.0 = Debug|Any CPU
		{2A456AEF-8C66-42D3-A5B2-47410D3009DF}.Release|Any CPU.ActiveCfg = Release|Any CPU
		{2A456AEF-8C66-42D3-A5B2-47410D3009DF}.Release|Any CPU.Build.0 = Release|Any CPU
	EndGlobalSection
	GlobalSection(SolutionProperties) = preSolution
		HideSolutionNode = FALSE
	EndGlobalSection
	GlobalSection(ExtensibilityGlobals) = postSolution
		SolutionGuid = {619FFEC3-FA98-45EB-B30B-97C44B90D8F1}
	EndGlobalSection
EndGlobal
